# This file was autogenerated by Stack.
# You should not edit this file by hand.
# For more information, please see the documentation at:
#   https://docs.haskellstack.org/en/stable/lock_files

packages:
- completed:
    hackage: functor-combinators-0.1.1.0@sha256:388d7e16826e1beb524a2a721e99ddfc0fd478488bfafe330d60a35556199558,3879
    pantry-tree:
      size: 1565
      sha256: 32345818eeb90cc1118c83b814421f7518deebfbd1140c35e8354fe1591bea0a
  original:
    hackage: functor-combinators-0.1.1.0@sha256:388d7e16826e1beb524a2a721e99ddfc0fd478488bfafe330d60a35556199558
- completed:
    hackage: trivial-constraint-0.5.1.0@sha256:80f052aa9527ed23fe4bf5066535d5a393a1573b9c193a4cddd2c51ab12b310f,1767
    pantry-tree:
      size: 234
      sha256: 92c37318759cbff761155e9d23f786a1e0b62f154cb3edfb6e87f91bc7bf821c
  original:
    hackage: trivial-constraint-0.5.1.0@sha256:80f052aa9527ed23fe4bf5066535d5a393a1573b9c193a4cddd2c51ab12b310f
- completed:
    hackage: semilattices-0.0.0.3@sha256:215d40aa231ed1786211809a5f4b7768a708a8ac1625507b9d5ddb4929323a8e,2108
    pantry-tree:
      size: 801
      sha256: 88d3e9a8a00ed972dfb6f7723a2f099134965b9e234867716670b992ed3a69b9
  original:
    hackage: semilattices-0.0.0.3@sha256:215d40aa231ed1786211809a5f4b7768a708a8ac1625507b9d5ddb4929323a8e
snapshots:
- completed:
    size: 545658
    url: https://raw.githubusercontent.com/commercialhaskell/stackage-snapshots/master/lts/14/12.yaml
    sha256: 26b807457213126d26b595439d705dc824dbb7618b0de6b900adc2bf6a059406
  original: lts-14.12
