# This file was autogenerated by Stack.
# You should not edit this file by hand.
# For more information, please see the documentation at:
#   https://docs.haskellstack.org/en/stable/lock_files

packages:
- completed:
    hackage: functor-combinators-0.1.1.0@sha256:388d7e16826e1beb524a2a721e99ddfc0fd478488bfafe330d60a35556199558,3879
    pantry-tree:
      size: 1565
      sha256: 32345818eeb90cc1118c83b814421f7518deebfbd1140c35e8354fe1591bea0a
  original:
    hackage: functor-combinators-0.1.1.0@sha256:388d7e16826e1beb524a2a721e99ddfc0fd478488bfafe330d60a35556199558
- completed:
    hackage: trivial-constraint-0.5.1.0@sha256:80f052aa9527ed23fe4bf5066535d5a393a1573b9c193a4cddd2c51ab12b310f,1767
    pantry-tree:
      size: 234
      sha256: 92c37318759cbff761155e9d23f786a1e0b62f154cb3edfb6e87f91bc7bf821c
  original:
    hackage: trivial-constraint-0.5.1.0@sha256:80f052aa9527ed23fe4bf5066535d5a393a1573b9c193a4cddd2c51ab12b310f
snapshots:
- completed:
    size: 523454
    url: https://raw.githubusercontent.com/commercialhaskell/stackage-snapshots/master/lts/14/2.yaml
    sha256: 593deeb8366fd69b9e3b7611759ecee87d0d76c08c2ba363b38b7fb119e9fc22
  original: lts-14.2
